
Microsoft Visual Studio Solution File, Format Version 12.00
# Visual Studio 2012
Project("{FAE04EC0-301F-11D3-BF4B-00C04F79EFBC}") = "MyStackOverflow.UI", "MyStackOverflow\MyStackOverflow.UI.csproj", "{F124D8D4-C983-44F8-968C-20B5239203BE}"
EndProject
Project("{FAE04EC0-301F-11D3-BF4B-00C04F79EFBC}") = "MyStackOverflow.Model", "MyStackOverflow.Model\MyStackOverflow.Model.csproj", "{CF654FEA-A8DE-4B86-BC85-062B04023D74}"
EndProject
Project("{FAE04EC0-301F-11D3-BF4B-00C04F79EFBC}") = "MyStackOverflow.Configuration", "MyStackOverflow.Configuration\MyStackOverflow.Configuration.csproj", "{D246B465-E289-452B-A16B-0792C68979A2}"
EndProject
Project("{FAE04EC0-301F-11D3-BF4B-00C04F79EFBC}") = "MyStackOverflow.Data", "MyStackOverflow.Data\MyStackOverflow.Data.csproj", "{3762C1C7-C64B-4F6E-A9F4-1F36C2F486E1}"
EndProject
Project("{FAE04EC0-301F-11D3-BF4B-00C04F79EFBC}") = "MyStackOverflow.ViewModels", "MyStackOverflow.ViewModels\MyStackOverflow.ViewModels.csproj", "{23B64E89-5D7B-4D9C-BA9A-EDB0EC80BBF3}"
EndProject
Project("{FAE04EC0-301F-11D3-BF4B-00C04F79EFBC}") = "YAToolkit", "YAToolkit\YAToolkit.csproj", "{725E4AB0-B22F-442B-AA00-37D0C3588930}"
EndProject
Project("{FAE04EC0-301F-11D3-BF4B-00C04F79EFBC}") = "MyStackOverflow.Networking", "MyStackOverflow.Networking\MyStackOverflow.Networking.csproj", "{151D6CF2-902A-412F-A4DE-70DCB90F3FB0}"
EndProject
Project("{FAE04EC0-301F-11D3-BF4B-00C04F79EFBC}") = "Curacao.Mvvm", "..\Externals\Curacao.Mvvm\src\Curacao.Mvvm\Curacao.Mvvm.csproj", "{F66E4F7D-DF19-447E-BAF2-31118687BE7F}"
EndProject
Project("{FAE04EC0-301F-11D3-BF4B-00C04F79EFBC}") = "Curacao.Mvvm.Abstractions", "..\Externals\Curacao.Mvvm\src\Curacao.Mvvm.Abstractions\Curacao.Mvvm.Abstractions.csproj", "{89D0EEFB-D98E-4CB7-85ED-CA55F98A8B41}"
EndProject
Global
	GlobalSection(SolutionConfigurationPlatforms) = preSolution
		AppboyDeploy|Any CPU = AppboyDeploy|Any CPU
		AppboyDeploy|ARM = AppboyDeploy|ARM
		AppboyDeploy|x86 = AppboyDeploy|x86
		AppboyDeployWindows8|Any CPU = AppboyDeployWindows8|Any CPU
		AppboyDeployWindows8|ARM = AppboyDeployWindows8|ARM
		AppboyDeployWindows8|x86 = AppboyDeployWindows8|x86
		AppboyDevelop|Any CPU = AppboyDevelop|Any CPU
		AppboyDevelop|ARM = AppboyDevelop|ARM
		AppboyDevelop|x86 = AppboyDevelop|x86
		AppboyDevelopWindows8|Any CPU = AppboyDevelopWindows8|Any CPU
		AppboyDevelopWindows8|ARM = AppboyDevelopWindows8|ARM
		AppboyDevelopWindows8|x86 = AppboyDevelopWindows8|x86
		Debug|Any CPU = Debug|Any CPU
		Debug|ARM = Debug|ARM
		Debug|x86 = Debug|x86
		Release|Any CPU = Release|Any CPU
		Release|ARM = Release|ARM
		Release|x86 = Release|x86
	EndGlobalSection
	GlobalSection(ProjectConfigurationPlatforms) = postSolution
		{F124D8D4-C983-44F8-968C-20B5239203BE}.AppboyDeploy|Any CPU.ActiveCfg = Release|Any CPU
		{F124D8D4-C983-44F8-968C-20B5239203BE}.AppboyDeploy|Any CPU.Build.0 = Release|Any CPU
		{F124D8D4-C983-44F8-968C-20B5239203BE}.AppboyDeploy|Any CPU.Deploy.0 = Release|Any CPU
		{F124D8D4-C983-44F8-968C-20B5239203BE}.AppboyDeploy|ARM.ActiveCfg = Release|ARM
		{F124D8D4-C983-44F8-968C-20B5239203BE}.AppboyDeploy|ARM.Build.0 = Release|ARM
		{F124D8D4-C983-44F8-968C-20B5239203BE}.AppboyDeploy|ARM.Deploy.0 = Release|ARM
		{F124D8D4-C983-44F8-968C-20B5239203BE}.AppboyDeploy|x86.ActiveCfg = Release|x86
		{F124D8D4-C983-44F8-968C-20B5239203BE}.AppboyDeploy|x86.Build.0 = Release|x86
		{F124D8D4-C983-44F8-968C-20B5239203BE}.AppboyDeploy|x86.Deploy.0 = Release|x86
		{F124D8D4-C983-44F8-968C-20B5239203BE}.AppboyDeployWindows8|Any CPU.ActiveCfg = Release|Any CPU
		{F124D8D4-C983-44F8-968C-20B5239203BE}.AppboyDeployWindows8|Any CPU.Build.0 = Release|Any CPU
		{F124D8D4-C983-44F8-968C-20B5239203BE}.AppboyDeployWindows8|Any CPU.Deploy.0 = Release|Any CPU
		{F124D8D4-C983-44F8-968C-20B5239203BE}.AppboyDeployWindows8|ARM.ActiveCfg = Release|ARM
		{F124D8D4-C983-44F8-968C-20B5239203BE}.AppboyDeployWindows8|ARM.Build.0 = Release|ARM
		{F124D8D4-C983-44F8-968C-20B5239203BE}.AppboyDeployWindows8|ARM.Deploy.0 = Release|ARM
		{F124D8D4-C983-44F8-968C-20B5239203BE}.AppboyDeployWindows8|x86.ActiveCfg = Release|x86
		{F124D8D4-C983-44F8-968C-20B5239203BE}.AppboyDeployWindows8|x86.Build.0 = Release|x86
		{F124D8D4-C983-44F8-968C-20B5239203BE}.AppboyDeployWindows8|x86.Deploy.0 = Release|x86
		{F124D8D4-C983-44F8-968C-20B5239203BE}.AppboyDevelop|Any CPU.ActiveCfg = Release|Any CPU
		{F124D8D4-C983-44F8-968C-20B5239203BE}.AppboyDevelop|Any CPU.Build.0 = Release|Any CPU
		{F124D8D4-C983-44F8-968C-20B5239203BE}.AppboyDevelop|Any CPU.Deploy.0 = Release|Any CPU
		{F124D8D4-C983-44F8-968C-20B5239203BE}.AppboyDevelop|ARM.ActiveCfg = Release|ARM
		{F124D8D4-C983-44F8-968C-20B5239203BE}.AppboyDevelop|ARM.Build.0 = Release|ARM
		{F124D8D4-C983-44F8-968C-20B5239203BE}.AppboyDevelop|ARM.Deploy.0 = Release|ARM
		{F124D8D4-C983-44F8-968C-20B5239203BE}.AppboyDevelop|x86.ActiveCfg = Release|x86
		{F124D8D4-C983-44F8-968C-20B5239203BE}.AppboyDevelop|x86.Build.0 = Release|x86
		{F124D8D4-C983-44F8-968C-20B5239203BE}.AppboyDevelop|x86.Deploy.0 = Release|x86
		{F124D8D4-C983-44F8-968C-20B5239203BE}.AppboyDevelopWindows8|Any CPU.ActiveCfg = Release|Any CPU
		{F124D8D4-C983-44F8-968C-20B5239203BE}.AppboyDevelopWindows8|Any CPU.Build.0 = Release|Any CPU
		{F124D8D4-C983-44F8-968C-20B5239203BE}.AppboyDevelopWindows8|Any CPU.Deploy.0 = Release|Any CPU
		{F124D8D4-C983-44F8-968C-20B5239203BE}.AppboyDevelopWindows8|ARM.ActiveCfg = Release|ARM
		{F124D8D4-C983-44F8-968C-20B5239203BE}.AppboyDevelopWindows8|ARM.Build.0 = Release|ARM
		{F124D8D4-C983-44F8-968C-20B5239203BE}.AppboyDevelopWindows8|ARM.Deploy.0 = Release|ARM
		{F124D8D4-C983-44F8-968C-20B5239203BE}.AppboyDevelopWindows8|x86.ActiveCfg = Release|x86
		{F124D8D4-C983-44F8-968C-20B5239203BE}.AppboyDevelopWindows8|x86.Build.0 = Release|x86
		{F124D8D4-C983-44F8-968C-20B5239203BE}.AppboyDevelopWindows8|x86.Deploy.0 = Release|x86
		{F124D8D4-C983-44F8-968C-20B5239203BE}.Debug|Any CPU.ActiveCfg = Debug|Any CPU
		{F124D8D4-C983-44F8-968C-20B5239203BE}.Debug|Any CPU.Build.0 = Debug|Any CPU
		{F124D8D4-C983-44F8-968C-20B5239203BE}.Debug|Any CPU.Deploy.0 = Debug|Any CPU
		{F124D8D4-C983-44F8-968C-20B5239203BE}.Debug|ARM.ActiveCfg = Debug|ARM
		{F124D8D4-C983-44F8-968C-20B5239203BE}.Debug|ARM.Build.0 = Debug|ARM
		{F124D8D4-C983-44F8-968C-20B5239203BE}.Debug|ARM.Deploy.0 = Debug|ARM
		{F124D8D4-C983-44F8-968C-20B5239203BE}.Debug|x86.ActiveCfg = Debug|x86
		{F124D8D4-C983-44F8-968C-20B5239203BE}.Debug|x86.Build.0 = Debug|x86
		{F124D8D4-C983-44F8-968C-20B5239203BE}.Debug|x86.Deploy.0 = Debug|x86
		{F124D8D4-C983-44F8-968C-20B5239203BE}.Release|Any CPU.ActiveCfg = Release|Any CPU
		{F124D8D4-C983-44F8-968C-20B5239203BE}.Release|Any CPU.Build.0 = Release|Any CPU
		{F124D8D4-C983-44F8-968C-20B5239203BE}.Release|Any CPU.Deploy.0 = Release|Any CPU
		{F124D8D4-C983-44F8-968C-20B5239203BE}.Release|ARM.ActiveCfg = Release|ARM
		{F124D8D4-C983-44F8-968C-20B5239203BE}.Release|ARM.Build.0 = Release|ARM
		{F124D8D4-C983-44F8-968C-20B5239203BE}.Release|ARM.Deploy.0 = Release|ARM
		{F124D8D4-C983-44F8-968C-20B5239203BE}.Release|x86.ActiveCfg = Release|x86
		{F124D8D4-C983-44F8-968C-20B5239203BE}.Release|x86.Build.0 = Release|x86
		{F124D8D4-C983-44F8-968C-20B5239203BE}.Release|x86.Deploy.0 = Release|x86
		{CF654FEA-A8DE-4B86-BC85-062B04023D74}.AppboyDeploy|Any CPU.ActiveCfg = Release|Any CPU
		{CF654FEA-A8DE-4B86-BC85-062B04023D74}.AppboyDeploy|Any CPU.Build.0 = Release|Any CPU
		{CF654FEA-A8DE-4B86-BC85-062B04023D74}.AppboyDeploy|ARM.ActiveCfg = Release|Any CPU
		{CF654FEA-A8DE-4B86-BC85-062B04023D74}.AppboyDeploy|x86.ActiveCfg = Release|Any CPU
		{CF654FEA-A8DE-4B86-BC85-062B04023D74}.AppboyDeployWindows8|Any CPU.ActiveCfg = Release|Any CPU
		{CF654FEA-A8DE-4B86-BC85-062B04023D74}.AppboyDeployWindows8|Any CPU.Build.0 = Release|Any CPU
		{CF654FEA-A8DE-4B86-BC85-062B04023D74}.AppboyDeployWindows8|ARM.ActiveCfg = Release|Any CPU
		{CF654FEA-A8DE-4B86-BC85-062B04023D74}.AppboyDeployWindows8|x86.ActiveCfg = Release|Any CPU
		{CF654FEA-A8DE-4B86-BC85-062B04023D74}.AppboyDevelop|Any CPU.ActiveCfg = Release|Any CPU
		{CF654FEA-A8DE-4B86-BC85-062B04023D74}.AppboyDevelop|Any CPU.Build.0 = Release|Any CPU
		{CF654FEA-A8DE-4B86-BC85-062B04023D74}.AppboyDevelop|ARM.ActiveCfg = Release|Any CPU
		{CF654FEA-A8DE-4B86-BC85-062B04023D74}.AppboyDevelop|x86.ActiveCfg = Release|Any CPU
		{CF654FEA-A8DE-4B86-BC85-062B04023D74}.AppboyDevelopWindows8|Any CPU.ActiveCfg = Release|Any CPU
		{CF654FEA-A8DE-4B86-BC85-062B04023D74}.AppboyDevelopWindows8|Any CPU.Build.0 = Release|Any CPU
		{CF654FEA-A8DE-4B86-BC85-062B04023D74}.AppboyDevelopWindows8|ARM.ActiveCfg = Release|Any CPU
		{CF654FEA-A8DE-4B86-BC85-062B04023D74}.AppboyDevelopWindows8|x86.ActiveCfg = Release|Any CPU
		{CF654FEA-A8DE-4B86-BC85-062B04023D74}.Debug|Any CPU.ActiveCfg = Debug|Any CPU
		{CF654FEA-A8DE-4B86-BC85-062B04023D74}.Debug|Any CPU.Build.0 = Debug|Any CPU
		{CF654FEA-A8DE-4B86-BC85-062B04023D74}.Debug|ARM.ActiveCfg = Debug|Any CPU
		{CF654FEA-A8DE-4B86-BC85-062B04023D74}.Debug|x86.ActiveCfg = Debug|Any CPU
		{CF654FEA-A8DE-4B86-BC85-062B04023D74}.Release|Any CPU.ActiveCfg = Release|Any CPU
		{CF654FEA-A8DE-4B86-BC85-062B04023D74}.Release|Any CPU.Build.0 = Release|Any CPU
		{CF654FEA-A8DE-4B86-BC85-062B04023D74}.Release|ARM.ActiveCfg = Release|Any CPU
		{CF654FEA-A8DE-4B86-BC85-062B04023D74}.Release|x86.ActiveCfg = Release|Any CPU
		{D246B465-E289-452B-A16B-0792C68979A2}.AppboyDeploy|Any CPU.ActiveCfg = Release|Any CPU
		{D246B465-E289-452B-A16B-0792C68979A2}.AppboyDeploy|Any CPU.Build.0 = Release|Any CPU
		{D246B465-E289-452B-A16B-0792C68979A2}.AppboyDeploy|ARM.ActiveCfg = Release|Any CPU
		{D246B465-E289-452B-A16B-0792C68979A2}.AppboyDeploy|x86.ActiveCfg = Release|Any CPU
		{D246B465-E289-452B-A16B-0792C68979A2}.AppboyDeployWindows8|Any CPU.ActiveCfg = Release|Any CPU
		{D246B465-E289-452B-A16B-0792C68979A2}.AppboyDeployWindows8|Any CPU.Build.0 = Release|Any CPU
		{D246B465-E289-452B-A16B-0792C68979A2}.AppboyDeployWindows8|ARM.ActiveCfg = Release|Any CPU
		{D246B465-E289-452B-A16B-0792C68979A2}.AppboyDeployWindows8|x86.ActiveCfg = Release|Any CPU
		{D246B465-E289-452B-A16B-0792C68979A2}.AppboyDevelop|Any CPU.ActiveCfg = Release|Any CPU
		{D246B465-E289-452B-A16B-0792C68979A2}.AppboyDevelop|Any CPU.Build.0 = Release|Any CPU
		{D246B465-E289-452B-A16B-0792C68979A2}.AppboyDevelop|ARM.ActiveCfg = Release|Any CPU
		{D246B465-E289-452B-A16B-0792C68979A2}.AppboyDevelop|x86.ActiveCfg = Release|Any CPU
		{D246B465-E289-452B-A16B-0792C68979A2}.AppboyDevelopWindows8|Any CPU.ActiveCfg = Release|Any CPU
		{D246B465-E289-452B-A16B-0792C68979A2}.AppboyDevelopWindows8|Any CPU.Build.0 = Release|Any CPU
		{D246B465-E289-452B-A16B-0792C68979A2}.AppboyDevelopWindows8|ARM.ActiveCfg = Release|Any CPU
		{D246B465-E289-452B-A16B-0792C68979A2}.AppboyDevelopWindows8|x86.ActiveCfg = Release|Any CPU
		{D246B465-E289-452B-A16B-0792C68979A2}.Debug|Any CPU.ActiveCfg = Debug|Any CPU
		{D246B465-E289-452B-A16B-0792C68979A2}.Debug|Any CPU.Build.0 = Debug|Any CPU
		{D246B465-E289-452B-A16B-0792C68979A2}.Debug|ARM.ActiveCfg = Debug|Any CPU
		{D246B465-E289-452B-A16B-0792C68979A2}.Debug|x86.ActiveCfg = Debug|Any CPU
		{D246B465-E289-452B-A16B-0792C68979A2}.Release|Any CPU.ActiveCfg = Release|Any CPU
		{D246B465-E289-452B-A16B-0792C68979A2}.Release|Any CPU.Build.0 = Release|Any CPU
		{D246B465-E289-452B-A16B-0792C68979A2}.Release|ARM.ActiveCfg = Release|Any CPU
		{D246B465-E289-452B-A16B-0792C68979A2}.Release|x86.ActiveCfg = Release|Any CPU
		{3762C1C7-C64B-4F6E-A9F4-1F36C2F486E1}.AppboyDeploy|Any CPU.ActiveCfg = Release|Any CPU
		{3762C1C7-C64B-4F6E-A9F4-1F36C2F486E1}.AppboyDeploy|Any CPU.Build.0 = Release|Any CPU
		{3762C1C7-C64B-4F6E-A9F4-1F36C2F486E1}.AppboyDeploy|ARM.ActiveCfg = Release|Any CPU
		{3762C1C7-C64B-4F6E-A9F4-1F36C2F486E1}.AppboyDeploy|x86.ActiveCfg = Release|Any CPU
		{3762C1C7-C64B-4F6E-A9F4-1F36C2F486E1}.AppboyDeployWindows8|Any CPU.ActiveCfg = Release|Any CPU
		{3762C1C7-C64B-4F6E-A9F4-1F36C2F486E1}.AppboyDeployWindows8|Any CPU.Build.0 = Release|Any CPU
		{3762C1C7-C64B-4F6E-A9F4-1F36C2F486E1}.AppboyDeployWindows8|ARM.ActiveCfg = Release|Any CPU
		{3762C1C7-C64B-4F6E-A9F4-1F36C2F486E1}.AppboyDeployWindows8|x86.ActiveCfg = Release|Any CPU
		{3762C1C7-C64B-4F6E-A9F4-1F36C2F486E1}.AppboyDevelop|Any CPU.ActiveCfg = Release|Any CPU
		{3762C1C7-C64B-4F6E-A9F4-1F36C2F486E1}.AppboyDevelop|Any CPU.Build.0 = Release|Any CPU
		{3762C1C7-C64B-4F6E-A9F4-1F36C2F486E1}.AppboyDevelop|ARM.ActiveCfg = Release|Any CPU
		{3762C1C7-C64B-4F6E-A9F4-1F36C2F486E1}.AppboyDevelop|x86.ActiveCfg = Release|Any CPU
		{3762C1C7-C64B-4F6E-A9F4-1F36C2F486E1}.AppboyDevelopWindows8|Any CPU.ActiveCfg = Release|Any CPU
		{3762C1C7-C64B-4F6E-A9F4-1F36C2F486E1}.AppboyDevelopWindows8|Any CPU.Build.0 = Release|Any CPU
		{3762C1C7-C64B-4F6E-A9F4-1F36C2F486E1}.AppboyDevelopWindows8|ARM.ActiveCfg = Release|Any CPU
		{3762C1C7-C64B-4F6E-A9F4-1F36C2F486E1}.AppboyDevelopWindows8|x86.ActiveCfg = Release|Any CPU
		{3762C1C7-C64B-4F6E-A9F4-1F36C2F486E1}.Debug|Any CPU.ActiveCfg = Debug|Any CPU
		{3762C1C7-C64B-4F6E-A9F4-1F36C2F486E1}.Debug|Any CPU.Build.0 = Debug|Any CPU
		{3762C1C7-C64B-4F6E-A9F4-1F36C2F486E1}.Debug|ARM.ActiveCfg = Debug|Any CPU
		{3762C1C7-C64B-4F6E-A9F4-1F36C2F486E1}.Debug|x86.ActiveCfg = Debug|Any CPU
		{3762C1C7-C64B-4F6E-A9F4-1F36C2F486E1}.Release|Any CPU.ActiveCfg = Release|Any CPU
		{3762C1C7-C64B-4F6E-A9F4-1F36C2F486E1}.Release|Any CPU.Build.0 = Release|Any CPU
		{3762C1C7-C64B-4F6E-A9F4-1F36C2F486E1}.Release|ARM.ActiveCfg = Release|Any CPU
		{3762C1C7-C64B-4F6E-A9F4-1F36C2F486E1}.Release|x86.ActiveCfg = Release|Any CPU
		{23B64E89-5D7B-4D9C-BA9A-EDB0EC80BBF3}.AppboyDeploy|Any CPU.ActiveCfg = Release|Any CPU
		{23B64E89-5D7B-4D9C-BA9A-EDB0EC80BBF3}.AppboyDeploy|Any CPU.Build.0 = Release|Any CPU
		{23B64E89-5D7B-4D9C-BA9A-EDB0EC80BBF3}.AppboyDeploy|ARM.ActiveCfg = Release|Any CPU
		{23B64E89-5D7B-4D9C-BA9A-EDB0EC80BBF3}.AppboyDeploy|x86.ActiveCfg = Release|Any CPU
		{23B64E89-5D7B-4D9C-BA9A-EDB0EC80BBF3}.AppboyDeployWindows8|Any CPU.ActiveCfg = Release|Any CPU
		{23B64E89-5D7B-4D9C-BA9A-EDB0EC80BBF3}.AppboyDeployWindows8|Any CPU.Build.0 = Release|Any CPU
		{23B64E89-5D7B-4D9C-BA9A-EDB0EC80BBF3}.AppboyDeployWindows8|ARM.ActiveCfg = Release|Any CPU
		{23B64E89-5D7B-4D9C-BA9A-EDB0EC80BBF3}.AppboyDeployWindows8|x86.ActiveCfg = Release|Any CPU
		{23B64E89-5D7B-4D9C-BA9A-EDB0EC80BBF3}.AppboyDevelop|Any CPU.ActiveCfg = Release|Any CPU
		{23B64E89-5D7B-4D9C-BA9A-EDB0EC80BBF3}.AppboyDevelop|Any CPU.Build.0 = Release|Any CPU
		{23B64E89-5D7B-4D9C-BA9A-EDB0EC80BBF3}.AppboyDevelop|ARM.ActiveCfg = Release|Any CPU
		{23B64E89-5D7B-4D9C-BA9A-EDB0EC80BBF3}.AppboyDevelop|x86.ActiveCfg = Release|Any CPU
		{23B64E89-5D7B-4D9C-BA9A-EDB0EC80BBF3}.AppboyDevelopWindows8|Any CPU.ActiveCfg = Release|Any CPU
		{23B64E89-5D7B-4D9C-BA9A-EDB0EC80BBF3}.AppboyDevelopWindows8|Any CPU.Build.0 = Release|Any CPU
		{23B64E89-5D7B-4D9C-BA9A-EDB0EC80BBF3}.AppboyDevelopWindows8|ARM.ActiveCfg = Release|Any CPU
		{23B64E89-5D7B-4D9C-BA9A-EDB0EC80BBF3}.AppboyDevelopWindows8|x86.ActiveCfg = Release|Any CPU
		{23B64E89-5D7B-4D9C-BA9A-EDB0EC80BBF3}.Debug|Any CPU.ActiveCfg = Debug|Any CPU
		{23B64E89-5D7B-4D9C-BA9A-EDB0EC80BBF3}.Debug|Any CPU.Build.0 = Debug|Any CPU
		{23B64E89-5D7B-4D9C-BA9A-EDB0EC80BBF3}.Debug|ARM.ActiveCfg = Debug|Any CPU
		{23B64E89-5D7B-4D9C-BA9A-EDB0EC80BBF3}.Debug|x86.ActiveCfg = Debug|Any CPU
		{23B64E89-5D7B-4D9C-BA9A-EDB0EC80BBF3}.Release|Any CPU.ActiveCfg = Release|Any CPU
		{23B64E89-5D7B-4D9C-BA9A-EDB0EC80BBF3}.Release|Any CPU.Build.0 = Release|Any CPU
		{23B64E89-5D7B-4D9C-BA9A-EDB0EC80BBF3}.Release|ARM.ActiveCfg = Release|Any CPU
		{23B64E89-5D7B-4D9C-BA9A-EDB0EC80BBF3}.Release|x86.ActiveCfg = Release|Any CPU
		{725E4AB0-B22F-442B-AA00-37D0C3588930}.AppboyDeploy|Any CPU.ActiveCfg = Release|Any CPU
		{725E4AB0-B22F-442B-AA00-37D0C3588930}.AppboyDeploy|Any CPU.Build.0 = Release|Any CPU
		{725E4AB0-B22F-442B-AA00-37D0C3588930}.AppboyDeploy|ARM.ActiveCfg = Release|ARM
		{725E4AB0-B22F-442B-AA00-37D0C3588930}.AppboyDeploy|ARM.Build.0 = Release|ARM
		{725E4AB0-B22F-442B-AA00-37D0C3588930}.AppboyDeploy|x86.ActiveCfg = Release|x86
		{725E4AB0-B22F-442B-AA00-37D0C3588930}.AppboyDeploy|x86.Build.0 = Release|x86
		{725E4AB0-B22F-442B-AA00-37D0C3588930}.AppboyDeployWindows8|Any CPU.ActiveCfg = Release|Any CPU
		{725E4AB0-B22F-442B-AA00-37D0C3588930}.AppboyDeployWindows8|Any CPU.Build.0 = Release|Any CPU
		{725E4AB0-B22F-442B-AA00-37D0C3588930}.AppboyDeployWindows8|ARM.ActiveCfg = Release|ARM
		{725E4AB0-B22F-442B-AA00-37D0C3588930}.AppboyDeployWindows8|ARM.Build.0 = Release|ARM
		{725E4AB0-B22F-442B-AA00-37D0C3588930}.AppboyDeployWindows8|x86.ActiveCfg = Release|x86
		{725E4AB0-B22F-442B-AA00-37D0C3588930}.AppboyDeployWindows8|x86.Build.0 = Release|x86
		{725E4AB0-B22F-442B-AA00-37D0C3588930}.AppboyDevelop|Any CPU.ActiveCfg = Release|Any CPU
		{725E4AB0-B22F-442B-AA00-37D0C3588930}.AppboyDevelop|Any CPU.Build.0 = Release|Any CPU
		{725E4AB0-B22F-442B-AA00-37D0C3588930}.AppboyDevelop|ARM.ActiveCfg = Release|ARM
		{725E4AB0-B22F-442B-AA00-37D0C3588930}.AppboyDevelop|ARM.Build.0 = Release|ARM
		{725E4AB0-B22F-442B-AA00-37D0C3588930}.AppboyDevelop|x86.ActiveCfg = Release|x86
		{725E4AB0-B22F-442B-AA00-37D0C3588930}.AppboyDevelop|x86.Build.0 = Release|x86
		{725E4AB0-B22F-442B-AA00-37D0C3588930}.AppboyDevelopWindows8|Any CPU.ActiveCfg = Release|Any CPU
		{725E4AB0-B22F-442B-AA00-37D0C3588930}.AppboyDevelopWindows8|Any CPU.Build.0 = Release|Any CPU
		{725E4AB0-B22F-442B-AA00-37D0C3588930}.AppboyDevelopWindows8|ARM.ActiveCfg = Release|ARM
		{725E4AB0-B22F-442B-AA00-37D0C3588930}.AppboyDevelopWindows8|ARM.Build.0 = Release|ARM
		{725E4AB0-B22F-442B-AA00-37D0C3588930}.AppboyDevelopWindows8|x86.ActiveCfg = Release|x86
		{725E4AB0-B22F-442B-AA00-37D0C3588930}.AppboyDevelopWindows8|x86.Build.0 = Release|x86
		{725E4AB0-B22F-442B-AA00-37D0C3588930}.Debug|Any CPU.ActiveCfg = Debug|Any CPU
		{725E4AB0-B22F-442B-AA00-37D0C3588930}.Debug|Any CPU.Build.0 = Debug|Any CPU
		{725E4AB0-B22F-442B-AA00-37D0C3588930}.Debug|ARM.ActiveCfg = Debug|ARM
		{725E4AB0-B22F-442B-AA00-37D0C3588930}.Debug|ARM.Build.0 = Debug|ARM
		{725E4AB0-B22F-442B-AA00-37D0C3588930}.Debug|x86.ActiveCfg = Debug|x86
		{725E4AB0-B22F-442B-AA00-37D0C3588930}.Debug|x86.Build.0 = Debug|x86
		{725E4AB0-B22F-442B-AA00-37D0C3588930}.Release|Any CPU.ActiveCfg = Release|Any CPU
		{725E4AB0-B22F-442B-AA00-37D0C3588930}.Release|Any CPU.Build.0 = Release|Any CPU
		{725E4AB0-B22F-442B-AA00-37D0C3588930}.Release|ARM.ActiveCfg = Release|ARM
		{725E4AB0-B22F-442B-AA00-37D0C3588930}.Release|ARM.Build.0 = Release|ARM
		{725E4AB0-B22F-442B-AA00-37D0C3588930}.Release|x86.ActiveCfg = Release|x86
		{725E4AB0-B22F-442B-AA00-37D0C3588930}.Release|x86.Build.0 = Release|x86
		{151D6CF2-902A-412F-A4DE-70DCB90F3FB0}.AppboyDeploy|Any CPU.ActiveCfg = Release|Any CPU
		{151D6CF2-902A-412F-A4DE-70DCB90F3FB0}.AppboyDeploy|Any CPU.Build.0 = Release|Any CPU
		{151D6CF2-902A-412F-A4DE-70DCB90F3FB0}.AppboyDeploy|ARM.ActiveCfg = Release|Any CPU
		{151D6CF2-902A-412F-A4DE-70DCB90F3FB0}.AppboyDeploy|x86.ActiveCfg = Release|Any CPU
		{151D6CF2-902A-412F-A4DE-70DCB90F3FB0}.AppboyDeployWindows8|Any CPU.ActiveCfg = Release|Any CPU
		{151D6CF2-902A-412F-A4DE-70DCB90F3FB0}.AppboyDeployWindows8|Any CPU.Build.0 = Release|Any CPU
		{151D6CF2-902A-412F-A4DE-70DCB90F3FB0}.AppboyDeployWindows8|ARM.ActiveCfg = Release|Any CPU
		{151D6CF2-902A-412F-A4DE-70DCB90F3FB0}.AppboyDeployWindows8|x86.ActiveCfg = Release|Any CPU
		{151D6CF2-902A-412F-A4DE-70DCB90F3FB0}.AppboyDevelop|Any CPU.ActiveCfg = Release|Any CPU
		{151D6CF2-902A-412F-A4DE-70DCB90F3FB0}.AppboyDevelop|Any CPU.Build.0 = Release|Any CPU
		{151D6CF2-902A-412F-A4DE-70DCB90F3FB0}.AppboyDevelop|ARM.ActiveCfg = Release|Any CPU
		{151D6CF2-902A-412F-A4DE-70DCB90F3FB0}.AppboyDevelop|x86.ActiveCfg = Release|Any CPU
		{151D6CF2-902A-412F-A4DE-70DCB90F3FB0}.AppboyDevelopWindows8|Any CPU.ActiveCfg = Release|Any CPU
		{151D6CF2-902A-412F-A4DE-70DCB90F3FB0}.AppboyDevelopWindows8|Any CPU.Build.0 = Release|Any CPU
		{151D6CF2-902A-412F-A4DE-70DCB90F3FB0}.AppboyDevelopWindows8|ARM.ActiveCfg = Release|Any CPU
		{151D6CF2-902A-412F-A4DE-70DCB90F3FB0}.AppboyDevelopWindows8|x86.ActiveCfg = Release|Any CPU
		{151D6CF2-902A-412F-A4DE-70DCB90F3FB0}.Debug|Any CPU.ActiveCfg = Debug|Any CPU
		{151D6CF2-902A-412F-A4DE-70DCB90F3FB0}.Debug|Any CPU.Build.0 = Debug|Any CPU
		{151D6CF2-902A-412F-A4DE-70DCB90F3FB0}.Debug|ARM.ActiveCfg = Debug|Any CPU
		{151D6CF2-902A-412F-A4DE-70DCB90F3FB0}.Debug|x86.ActiveCfg = Debug|Any CPU
		{151D6CF2-902A-412F-A4DE-70DCB90F3FB0}.Release|Any CPU.ActiveCfg = Release|Any CPU
		{151D6CF2-902A-412F-A4DE-70DCB90F3FB0}.Release|Any CPU.Build.0 = Release|Any CPU
		{151D6CF2-902A-412F-A4DE-70DCB90F3FB0}.Release|ARM.ActiveCfg = Release|Any CPU
		{151D6CF2-902A-412F-A4DE-70DCB90F3FB0}.Release|x86.ActiveCfg = Release|Any CPU
		{F66E4F7D-DF19-447E-BAF2-31118687BE7F}.AppboyDeploy|Any CPU.ActiveCfg = Release|Any CPU
		{F66E4F7D-DF19-447E-BAF2-31118687BE7F}.AppboyDeploy|Any CPU.Build.0 = Release|Any CPU
		{F66E4F7D-DF19-447E-BAF2-31118687BE7F}.AppboyDeploy|ARM.ActiveCfg = Release|Any CPU
		{F66E4F7D-DF19-447E-BAF2-31118687BE7F}.AppboyDeploy|x86.ActiveCfg = Release|Any CPU
		{F66E4F7D-DF19-447E-BAF2-31118687BE7F}.AppboyDeployWindows8|Any CPU.ActiveCfg = Release|Any CPU
		{F66E4F7D-DF19-447E-BAF2-31118687BE7F}.AppboyDeployWindows8|Any CPU.Build.0 = Release|Any CPU
		{F66E4F7D-DF19-447E-BAF2-31118687BE7F}.AppboyDeployWindows8|ARM.ActiveCfg = Release|Any CPU
		{F66E4F7D-DF19-447E-BAF2-31118687BE7F}.AppboyDeployWindows8|x86.ActiveCfg = Release|Any CPU
		{F66E4F7D-DF19-447E-BAF2-31118687BE7F}.AppboyDevelop|Any CPU.ActiveCfg = Release|Any CPU
		{F66E4F7D-DF19-447E-BAF2-31118687BE7F}.AppboyDevelop|Any CPU.Build.0 = Release|Any CPU
		{F66E4F7D-DF19-447E-BAF2-31118687BE7F}.AppboyDevelop|ARM.ActiveCfg = Release|Any CPU
		{F66E4F7D-DF19-447E-BAF2-31118687BE7F}.AppboyDevelop|x86.ActiveCfg = Release|Any CPU
		{F66E4F7D-DF19-447E-BAF2-31118687BE7F}.AppboyDevelopWindows8|Any CPU.ActiveCfg = Release|Any CPU
		{F66E4F7D-DF19-447E-BAF2-31118687BE7F}.AppboyDevelopWindows8|Any CPU.Build.0 = Release|Any CPU
		{F66E4F7D-DF19-447E-BAF2-31118687BE7F}.AppboyDevelopWindows8|ARM.ActiveCfg = Release|Any CPU
		{F66E4F7D-DF19-447E-BAF2-31118687BE7F}.AppboyDevelopWindows8|x86.ActiveCfg = Release|Any CPU
		{F66E4F7D-DF19-447E-BAF2-31118687BE7F}.Debug|Any CPU.ActiveCfg = Debug|Any CPU
		{F66E4F7D-DF19-447E-BAF2-31118687BE7F}.Debug|Any CPU.Build.0 = Debug|Any CPU
		{F66E4F7D-DF19-447E-BAF2-31118687BE7F}.Debug|ARM.ActiveCfg = Debug|Any CPU
		{F66E4F7D-DF19-447E-BAF2-31118687BE7F}.Debug|x86.ActiveCfg = Debug|Any CPU
		{F66E4F7D-DF19-447E-BAF2-31118687BE7F}.Release|Any CPU.ActiveCfg = Release|Any CPU
		{F66E4F7D-DF19-447E-BAF2-31118687BE7F}.Release|Any CPU.Build.0 = Release|Any CPU
		{F66E4F7D-DF19-447E-BAF2-31118687BE7F}.Release|ARM.ActiveCfg = Release|Any CPU
		{F66E4F7D-DF19-447E-BAF2-31118687BE7F}.Release|x86.ActiveCfg = Release|Any CPU
		{89D0EEFB-D98E-4CB7-85ED-CA55F98A8B41}.AppboyDeploy|Any CPU.ActiveCfg = Release|Any CPU
		{89D0EEFB-D98E-4CB7-85ED-CA55F98A8B41}.AppboyDeploy|Any CPU.Build.0 = Release|Any CPU
		{89D0EEFB-D98E-4CB7-85ED-CA55F98A8B41}.AppboyDeploy|ARM.ActiveCfg = Release|Any CPU
		{89D0EEFB-D98E-4CB7-85ED-CA55F98A8B41}.AppboyDeploy|x86.ActiveCfg = Release|Any CPU
		{89D0EEFB-D98E-4CB7-85ED-CA55F98A8B41}.AppboyDeployWindows8|Any CPU.ActiveCfg = Release|Any CPU
		{89D0EEFB-D98E-4CB7-85ED-CA55F98A8B41}.AppboyDeployWindows8|Any CPU.Build.0 = Release|Any CPU
		{89D0EEFB-D98E-4CB7-85ED-CA55F98A8B41}.AppboyDeployWindows8|ARM.ActiveCfg = Release|Any CPU
		{89D0EEFB-D98E-4CB7-85ED-CA55F98A8B41}.AppboyDeployWindows8|x86.ActiveCfg = Release|Any CPU
		{89D0EEFB-D98E-4CB7-85ED-CA55F98A8B41}.AppboyDevelop|Any CPU.ActiveCfg = Release|Any CPU
		{89D0EEFB-D98E-4CB7-85ED-CA55F98A8B41}.AppboyDevelop|Any CPU.Build.0 = Release|Any CPU
		{89D0EEFB-D98E-4CB7-85ED-CA55F98A8B41}.AppboyDevelop|ARM.ActiveCfg = Release|Any CPU
		{89D0EEFB-D98E-4CB7-85ED-CA55F98A8B41}.AppboyDevelop|x86.ActiveCfg = Release|Any CPU
		{89D0EEFB-D98E-4CB7-85ED-CA55F98A8B41}.AppboyDevelopWindows8|Any CPU.ActiveCfg = Release|Any CPU
		{89D0EEFB-D98E-4CB7-85ED-CA55F98A8B41}.AppboyDevelopWindows8|Any CPU.Build.0 = Release|Any CPU
		{89D0EEFB-D98E-4CB7-85ED-CA55F98A8B41}.AppboyDevelopWindows8|ARM.ActiveCfg = Release|Any CPU
		{89D0EEFB-D98E-4CB7-85ED-CA55F98A8B41}.AppboyDevelopWindows8|x86.ActiveCfg = Release|Any CPU
		{89D0EEFB-D98E-4CB7-85ED-CA55F98A8B41}.Debug|Any CPU.ActiveCfg = Debug|Any CPU
		{89D0EEFB-D98E-4CB7-85ED-CA55F98A8B41}.Debug|Any CPU.Build.0 = Debug|Any CPU
		{89D0EEFB-D98E-4CB7-85ED-CA55F98A8B41}.Debug|ARM.ActiveCfg = Debug|Any CPU
		{89D0EEFB-D98E-4CB7-85ED-CA55F98A8B41}.Debug|x86.ActiveCfg = Debug|Any CPU
		{89D0EEFB-D98E-4CB7-85ED-CA55F98A8B41}.Release|Any CPU.ActiveCfg = Release|Any CPU
		{89D0EEFB-D98E-4CB7-85ED-CA55F98A8B41}.Release|Any CPU.Build.0 = Release|Any CPU
		{89D0EEFB-D98E-4CB7-85ED-CA55F98A8B41}.Release|ARM.ActiveCfg = Release|Any CPU
		{89D0EEFB-D98E-4CB7-85ED-CA55F98A8B41}.Release|x86.ActiveCfg = Release|Any CPU
	EndGlobalSection
	GlobalSection(SolutionProperties) = preSolution
		HideSolutionNode = FALSE
	EndGlobalSection
EndGlobal
